// !$*UTF8*$!
{
	archiveVersion = 1;
	classes = {
	};
	objectVersion = 77;
	objects = {

/* Begin PBXBuildFile section */
		0393D17C81E6695DA091DC41 /* DesignSystem.swift in Sources */ = {isa = PBXBuildFile; fileRef = 598554F26AD0FA0B400A9910 /* DesignSystem.swift */; };
		0C5400C0854C91484F4A8DE2 /* SecurityRegressionTests.swift in Sources */ = {isa = PBXBuildFile; fileRef = AA5BCA9B95A7CEA9C3AA8ACD /* SecurityRegressionTests.swift */; };
		100E28BF2CA601D02A42E661 /* Localize_Swift in Frameworks */ = {isa = PBXBuildFile; productRef = 0A8C362EF9F17DF2E9CA2E8C /* Localize_Swift */; };
		180503CA3B0A1062A4741B43 /* PricingInfoView.swift in Sources */ = {isa = PBXBuildFile; fileRef = 2E6AC93ACEBD5E730A368EAC /* PricingInfoView.swift */; };
		1823F4DC61F4BD207B4CC333 /* MenuBarLabel.swift in Sources */ = {isa = PBXBuildFile; fileRef = 12698C1E79537D926548E6E6 /* MenuBarLabel.swift */; };
		196BCB63AE1D632EAE5A345A /* AppModel.swift in Sources */ = {isa = PBXBuildFile; fileRef = CC2B87AA67B5D6D43052DFE4 /* AppModel.swift */; };
		1A2B290335A5EB705E7DE941 /* Configuration.plist in Resources */ = {isa = PBXBuildFile; fileRef = 63B3BAC8BD269D2785F8B1EE /* Configuration.plist */; };
		218005DBCF74F85BAB77DABA /* AppSettingsTests.swift in Sources */ = {isa = PBXBuildFile; fileRef = FDC5637359BEB944E9D3CCBF /* AppSettingsTests.swift */; };
		29D0DFB8D16A97688292C46D /* DeepSeekConfig.swift in Sources */ = {isa = PBXBuildFile; fileRef = F5B16E5086378FC5F1FB99B7 /* DeepSeekConfig.swift */; };
		30914CEF12E7C6FD11AC1F82 /* PopupView.swift in Sources */ = {isa = PBXBuildFile; fileRef = F0E21CBE3D7EE66D873D6B46 /* PopupView.swift */; };
		37E5B5C5EA59317D96CE4CA9 /* AppModelTests.swift in Sources */ = {isa = PBXBuildFile; fileRef = D9C5D9710C23F4365935612A /* AppModelTests.swift */; };
		4370A60BF367C4573E503170 /* Assets.xcassets in Resources */ = {isa = PBXBuildFile; fileRef = 7CAAB9EBBC7C228A2A44D2D2 /* Assets.xcassets */; };
		54366E19CFDCE6B53C65B295 /* Localizable.strings in Resources */ = {isa = PBXBuildFile; fileRef = AD4A6A234682FAE0F930CEC0 /* Localizable.strings */; };
		6B644DD9FD4A9AC924DDE2C0 /* LocalizationTests.swift in Sources */ = {isa = PBXBuildFile; fileRef = 933686AA06E3C3664B2F0C5E /* LocalizationTests.swift */; };
		6FD3C51B32FFC3999052B012 /* PeakCalculator.swift in Sources */ = {isa = PBXBuildFile; fileRef = 46F2A1FEA30372C33D73172D /* PeakCalculator.swift */; };
		8170F0506086C9AACB4FF9C9 /* PeakCalculatorTests.swift in Sources */ = {isa = PBXBuildFile; fileRef = 2C3A059695B2650C96B93038 /* PeakCalculatorTests.swift */; };
		852DD1EFB3A68687EDD2AC09 /* Clock.swift in Sources */ = {isa = PBXBuildFile; fileRef = 6B86E26005879300C35B112A /* Clock.swift */; };
		88B85725DEBA6711CD63A328 /* AppSettings.swift in Sources */ = {isa = PBXBuildFile; fileRef = 3484E7F470640E5E6846B2E1 /* AppSettings.swift */; };
		920B76F5946AC47A459DEEA1 /* CheapSeekApp.swift in Sources */ = {isa = PBXBuildFile; fileRef = 49C279555B7F82A2FE33A7F2 /* CheapSeekApp.swift */; };
		A526C62A60AB62BAD4BA44F0 /* PeakStatus.swift in Sources */ = {isa = PBXBuildFile; fileRef = D1ED9E73F171BE9137D6737D /* PeakStatus.swift */; };
		AD944C9DE6FC59A68B4686E1 /* CountdownFormatterTests.swift in Sources */ = {isa = PBXBuildFile; fileRef = 4E5ABA415A4F0661FB34C1E1 /* CountdownFormatterTests.swift */; };
		BD7DC30CE6E327D9147AD4CF /* SettingsView.swift in Sources */ = {isa = PBXBuildFile; fileRef = 149221745A4677F8E75AA64A /* SettingsView.swift */; };
		D3BDC9FCFC8C64CE61DBC4C2 /* PricingConfigTests.swift in Sources */ = {isa = PBXBuildFile; fileRef = F1A08D1144E23903C7B0E620 /* PricingConfigTests.swift */; };
		DF0A46B608893FBD260EA8CB /* CheapSeekUITests.swift in Sources */ = {isa = PBXBuildFile; fileRef = E5195082CEBA7D072AF2CD7B /* CheapSeekUITests.swift */; };
		E8BFC00ED122F05A7354A1CE /* AppLanguage.swift in Sources */ = {isa = PBXBuildFile; fileRef = 096CD96CC89D1404EE66324E /* AppLanguage.swift */; };
		F5000755D99EF9C67BDF3A79 /* CountdownFormatter.swift in Sources */ = {isa = PBXBuildFile; fileRef = EA2FEAD9502E8B116D4E49CD /* CountdownFormatter.swift */; };
		FC62B4C4D35F906B391F7995 /* PrivacyInfo.xcprivacy in Resources */ = {isa = PBXBuildFile; fileRef = D95B4445F26332442C9330A8 /* PrivacyInfo.xcprivacy */; };
/* End PBXBuildFile section */

/* Begin PBXContainerItemProxy section */
		5C1859D97A5684A59D72534D /* PBXContainerItemProxy */ = {
			isa = PBXContainerItemProxy;
			containerPortal = 2206D21A71D73ED88F14186F /* Project object */;
			proxyType = 1;
			remoteGlobalIDString = 50E6962A8DB24A596904721E;
			remoteInfo = CheapSeek;
		};
		7DE94039E66548EC93CE7C1E /* PBXContainerItemProxy */ = {
			isa = PBXContainerItemProxy;
			containerPortal = 2206D21A71D73ED88F14186F /* Project object */;
			proxyType = 1;
			remoteGlobalIDString = 50E6962A8DB24A596904721E;
			remoteInfo = CheapSeek;
		};
/* End PBXContainerItemProxy section */

/* Begin PBXFileReference section */
		01538CFDB18105679C47FA3D /* tr */ = {isa = PBXFileReference; lastKnownFileType = text.plist.strings; name = tr; path = tr.lproj/Localizable.strings; sourceTree = "<group>"; };
		096CD96CC89D1404EE66324E /* AppLanguage.swift */ = {isa = PBXFileReference; lastKnownFileType = sourcecode.swift; path = AppLanguage.swift; sourceTree = "<group>"; };
		0B859CFE0CD8C6722A379041 /* fr */ = {isa = PBXFileReference; lastKnownFileType = text.plist.strings; name = fr; path = fr.lproj/Localizable.strings; sourceTree = "<group>"; };
		11B349D3761B3271E73A5DB8 /* de */ = {isa = PBXFileReference; lastKnownFileType = text.plist.strings; name = de; path = de.lproj/Localizable.strings; sourceTree = "<group>"; };
		12698C1E79537D926548E6E6 /* MenuBarLabel.swift */ = {isa = PBXFileReference; lastKnownFileType = sourcecode.swift; path = MenuBarLabel.swift; sourceTree = "<group>"; };
		12B2B985E9C83F1D341164FB /* CheapSeek.app */ = {isa = PBXFileReference; explicitFileType = wrapper.application; includeInIndex = 0; path = CheapSeek.app; sourceTree = BUILT_PRODUCTS_DIR; };
		149221745A4677F8E75AA64A /* SettingsView.swift */ = {isa = PBXFileReference; lastKnownFileType = sourcecode.swift; path = SettingsView.swift; sourceTree = "<group>"; };
		1ACF317DF774757F29971DC5 /* zh-Hans */ = {isa = PBXFileReference; lastKnownFileType = text.plist.strings; name = "zh-Hans"; path = "zh-Hans.lproj/Localizable.strings"; sourceTree = "<group>"; };
		2C3A059695B2650C96B93038 /* PeakCalculatorTests.swift */ = {isa = PBXFileReference; lastKnownFileType = sourcecode.swift; path = PeakCalculatorTests.swift; sourceTree = "<group>"; };
		2E6AC93ACEBD5E730A368EAC /* PricingInfoView.swift */ = {isa = PBXFileReference; lastKnownFileType = sourcecode.swift; path = PricingInfoView.swift; sourceTree = "<group>"; };
		3484E7F470640E5E6846B2E1 /* AppSettings.swift */ = {isa = PBXFileReference; lastKnownFileType = sourcecode.swift; path = AppSettings.swift; sourceTree = "<group>"; };
		3716943104FC5D1473FB5B23 /* es */ = {isa = PBXFileReference; lastKnownFileType = text.plist.strings; name = es; path = es.lproj/Localizable.strings; sourceTree = "<group>"; };
		46F2A1FEA30372C33D73172D /* PeakCalculator.swift */ = {isa = PBXFileReference; lastKnownFileType = sourcecode.swift; path = PeakCalculator.swift; sourceTree = "<group>"; };
		4907F58AEFD7BE8D801CE9C5 /* Localize-Swift */ = {isa = PBXFileReference; lastKnownFileType = folder; name = "Localize-Swift"; path = "Packages/Localize-Swift"; sourceTree = SOURCE_ROOT; };
		49C279555B7F82A2FE33A7F2 /* CheapSeekApp.swift */ = {isa = PBXFileReference; lastKnownFileType = sourcecode.swift; path = CheapSeekApp.swift; sourceTree = "<group>"; };
		4C5396C2FC61A808056FD963 /* CheapSeekTests.xctest */ = {isa = PBXFileReference; explicitFileType = wrapper.cfbundle; includeInIndex = 0; path = CheapSeekTests.xctest; sourceTree = BUILT_PRODUCTS_DIR; };
		4D1016ED3456DBA8E571CE61 /* pt */ = {isa = PBXFileReference; lastKnownFileType = text.plist.strings; name = pt; path = pt.lproj/Localizable.strings; sourceTree = "<group>"; };
		4E5ABA415A4F0661FB34C1E1 /* CountdownFormatterTests.swift */ = {isa = PBXFileReference; lastKnownFileType = sourcecode.swift; path = CountdownFormatterTests.swift; sourceTree = "<group>"; };
		58EFBC6566E834E4EBFA438E /* hi */ = {isa = PBXFileReference; lastKnownFileType = text.plist.strings; name = hi; path = hi.lproj/Localizable.strings; sourceTree = "<group>"; };
		598554F26AD0FA0B400A9910 /* DesignSystem.swift */ = {isa = PBXFileReference; lastKnownFileType = sourcecode.swift; path = DesignSystem.swift; sourceTree = "<group>"; };
		61633EBA46222979417D06D7 /* CheapSeekUITests.xctest */ = {isa = PBXFileReference; explicitFileType = wrapper.cfbundle; includeInIndex = 0; path = CheapSeekUITests.xctest; sourceTree = BUILT_PRODUCTS_DIR; };
		63B3BAC8BD269D2785F8B1EE /* Configuration.plist */ = {isa = PBXFileReference; lastKnownFileType = text.plist; path = Configuration.plist; sourceTree = "<group>"; };
		69AC5FA463CDF1857250EA03 /* en */ = {isa = PBXFileReference; lastKnownFileType = text.plist.strings; name = en; path = en.lproj/Localizable.strings; sourceTree = "<group>"; };
		6B86E26005879300C35B112A /* Clock.swift */ = {isa = PBXFileReference; lastKnownFileType = sourcecode.swift; path = Clock.swift; sourceTree = "<group>"; };
		7CAAB9EBBC7C228A2A44D2D2 /* Assets.xcassets */ = {isa = PBXFileReference; lastKnownFileType = folder.assetcatalog; path = Assets.xcassets; sourceTree = "<group>"; };
		933686AA06E3C3664B2F0C5E /* LocalizationTests.swift */ = {isa = PBXFileReference; lastKnownFileType = sourcecode.swift; path = LocalizationTests.swift; sourceTree = "<group>"; };
		AA5BCA9B95A7CEA9C3AA8ACD /* SecurityRegressionTests.swift */ = {isa = PBXFileReference; lastKnownFileType = sourcecode.swift; path = SecurityRegressionTests.swift; sourceTree = "<group>"; };
		B2142B32CBA639273BD417B2 /* zh-Hant */ = {isa = PBXFileReference; lastKnownFileType = text.plist.strings; name = "zh-Hant"; path = "zh-Hant.lproj/Localizable.strings"; sourceTree = "<group>"; };
		BF892B96EDE3FD286D8B54B2 /* it */ = {isa = PBXFileReference; lastKnownFileType = text.plist.strings; name = it; path = it.lproj/Localizable.strings; sourceTree = "<group>"; };
		CC2B87AA67B5D6D43052DFE4 /* AppModel.swift */ = {isa = PBXFileReference; lastKnownFileType = sourcecode.swift; path = AppModel.swift; sourceTree = "<group>"; };
		D1ED9E73F171BE9137D6737D /* PeakStatus.swift */ = {isa = PBXFileReference; lastKnownFileType = sourcecode.swift; path = PeakStatus.swift; sourceTree = "<group>"; };
		D95B4445F26332442C9330A8 /* PrivacyInfo.xcprivacy */ = {isa = PBXFileReference; path = PrivacyInfo.xcprivacy; sourceTree = "<group>"; };
		D9C5D9710C23F4365935612A /* AppModelTests.swift */ = {isa = PBXFileReference; lastKnownFileType = sourcecode.swift; path = AppModelTests.swift; sourceTree = "<group>"; };
		E5195082CEBA7D072AF2CD7B /* CheapSeekUITests.swift */ = {isa = PBXFileReference; lastKnownFileType = sourcecode.swift; path = CheapSeekUITests.swift; sourceTree = "<group>"; };
		EA2FEAD9502E8B116D4E49CD /* CountdownFormatter.swift */ = {isa = PBXFileReference; lastKnownFileType = sourcecode.swift; path = CountdownFormatter.swift; sourceTree = "<group>"; };
		F0E21CBE3D7EE66D873D6B46 /* PopupView.swift */ = {isa = PBXFileReference; lastKnownFileType = sourcecode.swift; path = PopupView.swift; sourceTree = "<group>"; };
		F1A08D1144E23903C7B0E620 /* PricingConfigTests.swift */ = {isa = PBXFileReference; lastKnownFileType = sourcecode.swift; path = PricingConfigTests.swift; sourceTree = "<group>"; };
		F5B16E5086378FC5F1FB99B7 /* DeepSeekConfig.swift */ = {isa = PBXFileReference; lastKnownFileType = sourcecode.swift; path = DeepSeekConfig.swift; sourceTree = "<group>"; };
		FDC5637359BEB944E9D3CCBF /* AppSettingsTests.swift */ = {isa = PBXFileReference; lastKnownFileType = sourcecode.swift; path = AppSettingsTests.swift; sourceTree = "<group>"; };
/* End PBXFileReference section */

/* Begin PBXFrameworksBuildPhase section */
		E20E897DC96F6BA91EB48B8A /* Frameworks */ = {
			isa = PBXFrameworksBuildPhase;
			buildActionMask = 2147483647;
			files = (
				100E28BF2CA601D02A42E661 /* Localize_Swift in Frameworks */,
			);
			runOnlyForDeploymentPostprocessing = 0;
		};
/* End PBXFrameworksBuildPhase section */

/* Begin PBXGroup section */
		0B450C1BC53A22558D1CE708 /* CheapSeekUITests */ = {
			isa = PBXGroup;
			children = (
				E5195082CEBA7D072AF2CD7B /* CheapSeekUITests.swift */,
			);
			path = CheapSeekUITests;
			sourceTree = "<group>";
		};
		22F4123704E5967C75735829 /* Packages */ = {
			isa = PBXGroup;
			children = (
				4907F58AEFD7BE8D801CE9C5 /* Localize-Swift */,
			);
			path = Packages;
			sourceTree = "<group>";
		};
		478B89BE9DCECFCA8BAD948D = {
			isa = PBXGroup;
			children = (
				60DFD048B3983881A691B223 /* CheapSeek */,
				8993E735DB3DF46CDE011EB0 /* CheapSeekTests */,
				0B450C1BC53A22558D1CE708 /* CheapSeekUITests */,
				22F4123704E5967C75735829 /* Packages */,
				5EB006E7D1AF9D42A939B9DF /* Products */,
			);
			sourceTree = "<group>";
		};
		5EB006E7D1AF9D42A939B9DF /* Products */ = {
			isa = PBXGroup;
			children = (
				12B2B985E9C83F1D341164FB /* CheapSeek.app */,
				4C5396C2FC61A808056FD963 /* CheapSeekTests.xctest */,
				61633EBA46222979417D06D7 /* CheapSeekUITests.xctest */,
			);
			name = Products;
			sourceTree = "<group>";
		};
		60DFD048B3983881A691B223 /* CheapSeek */ = {
			isa = PBXGroup;
			children = (
				096CD96CC89D1404EE66324E /* AppLanguage.swift */,
				CC2B87AA67B5D6D43052DFE4 /* AppModel.swift */,
				3484E7F470640E5E6846B2E1 /* AppSettings.swift */,
				7CAAB9EBBC7C228A2A44D2D2 /* Assets.xcassets */,
				49C279555B7F82A2FE33A7F2 /* CheapSeekApp.swift */,
				6B86E26005879300C35B112A /* Clock.swift */,
				63B3BAC8BD269D2785F8B1EE /* Configuration.plist */,
				EA2FEAD9502E8B116D4E49CD /* CountdownFormatter.swift */,
				F5B16E5086378FC5F1FB99B7 /* DeepSeekConfig.swift */,
				598554F26AD0FA0B400A9910 /* DesignSystem.swift */,
				12698C1E79537D926548E6E6 /* MenuBarLabel.swift */,
				46F2A1FEA30372C33D73172D /* PeakCalculator.swift */,
				D1ED9E73F171BE9137D6737D /* PeakStatus.swift */,
				F0E21CBE3D7EE66D873D6B46 /* PopupView.swift */,
				2E6AC93ACEBD5E730A368EAC /* PricingInfoView.swift */,
				D95B4445F26332442C9330A8 /* PrivacyInfo.xcprivacy */,
				149221745A4677F8E75AA64A /* SettingsView.swift */,
				AD4A6A234682FAE0F930CEC0 /* Localizable.strings */,
			);
			path = CheapSeek;
			sourceTree = "<group>";
		};
		8993E735DB3DF46CDE011EB0 /* CheapSeekTests */ = {
			isa = PBXGroup;
			children = (
				D9C5D9710C23F4365935612A /* AppModelTests.swift */,
				FDC5637359BEB944E9D3CCBF /* AppSettingsTests.swift */,
				4E5ABA415A4F0661FB34C1E1 /* CountdownFormatterTests.swift */,
				933686AA06E3C3664B2F0C5E /* LocalizationTests.swift */,
				2C3A059695B2650C96B93038 /* PeakCalculatorTests.swift */,
				F1A08D1144E23903C7B0E620 /* PricingConfigTests.swift */,
				AA5BCA9B95A7CEA9C3AA8ACD /* SecurityRegressionTests.swift */,
			);
			path = CheapSeekTests;
			sourceTree = "<group>";
		};
/* End PBXGroup section */

/* Begin PBXNativeTarget section */
		4F45120BDA2249601EB716C8 /* CheapSeekUITests */ = {
			isa = PBXNativeTarget;
			buildConfigurationList = 6556D2A304693D81B6C920DB /* Build configuration list for PBXNativeTarget "CheapSeekUITests" */;
			buildPhases = (
				68DDBAEDD83226321EE15036 /* Sources */,
			);
			buildRules = (
			);
			dependencies = (
				93606BF59E2CB9FAC72C0BF6 /* PBXTargetDependency */,
			);
			name = CheapSeekUITests;
			packageProductDependencies = (
			);
			productName = CheapSeekUITests;
			productReference = 61633EBA46222979417D06D7 /* CheapSeekUITests.xctest */;
			productType = "com.apple.product-type.bundle.ui-testing";
		};
		50E6962A8DB24A596904721E /* CheapSeek */ = {
			isa = PBXNativeTarget;
			buildConfigurationList = 6B305FA06513C1EB0A19CFC1 /* Build configuration list for PBXNativeTarget "CheapSeek" */;
			buildPhases = (
				4AA4B2F06ECE778EB7504EC9 /* Sources */,
				C54E1053273906FC96219DE0 /* Resources */,
				E20E897DC96F6BA91EB48B8A /* Frameworks */,
			);
			buildRules = (
			);
			dependencies = (
			);
			name = CheapSeek;
			packageProductDependencies = (
				0A8C362EF9F17DF2E9CA2E8C /* Localize_Swift */,
			);
			productName = CheapSeek;
			productReference = 12B2B985E9C83F1D341164FB /* CheapSeek.app */;
			productType = "com.apple.product-type.application";
		};
		7C816AD42E6F92FB17603FA1 /* CheapSeekTests */ = {
			isa = PBXNativeTarget;
			buildConfigurationList = 7042DB94DD41B0CE92D8C083 /* Build configuration list for PBXNativeTarget "CheapSeekTests" */;
			buildPhases = (
				5CE120289A81A4A316B2E008 /* Sources */,
			);
			buildRules = (
			);
			dependencies = (
				F21B20D0551474E5BEE53FE6 /* PBXTargetDependency */,
			);
			name = CheapSeekTests;
			packageProductDependencies = (
			);
			productName = CheapSeekTests;
			productReference = 4C5396C2FC61A808056FD963 /* CheapSeekTests.xctest */;
			productType = "com.apple.product-type.bundle.unit-test";
		};
/* End PBXNativeTarget section */

/* Begin PBXProject section */
		2206D21A71D73ED88F14186F /* Project object */ = {
			isa = PBXProject;
			attributes = {
				BuildIndependentTargetsInParallel = YES;
				LastUpgradeCheck = 1500;
				TargetAttributes = {
					4F45120BDA2249601EB716C8 = {
						TestTargetID = 50E6962A8DB24A596904721E;
					};
					50E6962A8DB24A596904721E = {
						ProvisioningStyle = Automatic;
					};
				};
			};
			buildConfigurationList = A809DBA61F6708ADEE621102 /* Build configuration list for PBXProject "CheapSeek" */;
			developmentRegion = en;
			hasScannedForEncodings = 0;
			knownRegions = (
				Base,
				de,
				en,
				es,
				fr,
				hi,
				it,
				pt,
				tr,
				"zh-Hans",
				"zh-Hant",
			);
			mainGroup = 478B89BE9DCECFCA8BAD948D;
			minimizedProjectReferenceProxies = 1;
			packageReferences = (
				D796DD84B610E823BE515F78 /* XCLocalSwiftPackageReference "Packages/Localize-Swift" */,
			);
			preferredProjectObjectVersion = 77;
			productRefGroup = 5EB006E7D1AF9D42A939B9DF /* Products */;
			projectDirPath = "";
			projectRoot = "";
			targets = (
				50E6962A8DB24A596904721E /* CheapSeek */,
				7C816AD42E6F92FB17603FA1 /* CheapSeekTests */,
				4F45120BDA2249601EB716C8 /* CheapSeekUITests */,
			);
		};
/* End PBXProject section */

/* Begin PBXResourcesBuildPhase section */
		C54E1053273906FC96219DE0 /* Resources */ = {
			isa = PBXResourcesBuildPhase;
			buildActionMask = 2147483647;
			files = (
				4370A60BF367C4573E503170 /* Assets.xcassets in Resources */,
				1A2B290335A5EB705E7DE941 /* Configuration.plist in Resources */,
				54366E19CFDCE6B53C65B295 /* Localizable.strings in Resources */,
				FC62B4C4D35F906B391F7995 /* PrivacyInfo.xcprivacy in Resources */,
			);
			runOnlyForDeploymentPostprocessing = 0;
		};
/* End PBXResourcesBuildPhase section */

/* Begin PBXSourcesBuildPhase section */
		4AA4B2F06ECE778EB7504EC9 /* Sources */ = {
			isa = PBXSourcesBuildPhase;
			buildActionMask = 2147483647;
			files = (
				E8BFC00ED122F05A7354A1CE /* AppLanguage.swift in Sources */,
				196BCB63AE1D632EAE5A345A /* AppModel.swift in Sources */,
				88B85725DEBA6711CD63A328 /* AppSettings.swift in Sources */,
				920B76F5946AC47A459DEEA1 /* CheapSeekApp.swift in Sources */,
				852DD1EFB3A68687EDD2AC09 /* Clock.swift in Sources */,
				F5000755D99EF9C67BDF3A79 /* CountdownFormatter.swift in Sources */,
				29D0DFB8D16A97688292C46D /* DeepSeekConfig.swift in Sources */,
				0393D17C81E6695DA091DC41 /* DesignSystem.swift in Sources */,
				1823F4DC61F4BD207B4CC333 /* MenuBarLabel.swift in Sources */,
				6FD3C51B32FFC3999052B012 /* PeakCalculator.swift in Sources */,
				A526C62A60AB62BAD4BA44F0 /* PeakStatus.swift in Sources */,
				30914CEF12E7C6FD11AC1F82 /* PopupView.swift in Sources */,
				180503CA3B0A1062A4741B43 /* PricingInfoView.swift in Sources */,
				BD7DC30CE6E327D9147AD4CF /* SettingsView.swift in Sources */,
			);
			runOnlyForDeploymentPostprocessing = 0;
		};
		5CE120289A81A4A316B2E008 /* Sources */ = {
			isa = PBXSourcesBuildPhase;
			buildActionMask = 2147483647;
			files = (
				37E5B5C5EA59317D96CE4CA9 /* AppModelTests.swift in Sources */,
				218005DBCF74F85BAB77DABA /* AppSettingsTests.swift in Sources */,
				AD944C9DE6FC59A68B4686E1 /* CountdownFormatterTests.swift in Sources */,
				6B644DD9FD4A9AC924DDE2C0 /* LocalizationTests.swift in Sources */,
				8170F0506086C9AACB4FF9C9 /* PeakCalculatorTests.swift in Sources */,
				D3BDC9FCFC8C64CE61DBC4C2 /* PricingConfigTests.swift in Sources */,
				0C5400C0854C91484F4A8DE2 /* SecurityRegressionTests.swift in Sources */,
			);
			runOnlyForDeploymentPostprocessing = 0;
		};
		68DDBAEDD83226321EE15036 /* Sources */ = {
			isa = PBXSourcesBuildPhase;
			buildActionMask = 2147483647;
			files = (
				DF0A46B608893FBD260EA8CB /* CheapSeekUITests.swift in Sources */,
			);
			runOnlyForDeploymentPostprocessing = 0;
		};
/* End PBXSourcesBuildPhase section */

/* Begin PBXTargetDependency section */
		93606BF59E2CB9FAC72C0BF6 /* PBXTargetDependency */ = {
			isa = PBXTargetDependency;
			target = 50E6962A8DB24A596904721E /* CheapSeek */;
			targetProxy = 5C1859D97A5684A59D72534D /* PBXContainerItemProxy */;
		};
		F21B20D0551474E5BEE53FE6 /* PBXTargetDependency */ = {
			isa = PBXTargetDependency;
			target = 50E6962A8DB24A596904721E /* CheapSeek */;
			targetProxy = 7DE94039E66548EC93CE7C1E /* PBXContainerItemProxy */;
		};
/* End PBXTargetDependency section */

/* Begin PBXVariantGroup section */
		AD4A6A234682FAE0F930CEC0 /* Localizable.strings */ = {
			isa = PBXVariantGroup;
			children = (
				11B349D3761B3271E73A5DB8 /* de */,
				69AC5FA463CDF1857250EA03 /* en */,
				3716943104FC5D1473FB5B23 /* es */,
				0B859CFE0CD8C6722A379041 /* fr */,
				58EFBC6566E834E4EBFA438E /* hi */,
				BF892B96EDE3FD286D8B54B2 /* it */,
				4D1016ED3456DBA8E571CE61 /* pt */,
				01538CFDB18105679C47FA3D /* tr */,
				1ACF317DF774757F29971DC5 /* zh-Hans */,
				B2142B32CBA639273BD417B2 /* zh-Hant */,
			);
			name = Localizable.strings;
			sourceTree = "<group>";
		};
/* End PBXVariantGroup section */

/* Begin XCBuildConfiguration section */
		3255B04DAC8C372F18197DC5 /* Release */ = {
			isa = XCBuildConfiguration;
			buildSettings = {
				ALWAYS_SEARCH_USER_PATHS = NO;
				CLANG_ANALYZER_NONNULL = YES;
				CLANG_ANALYZER_NUMBER_OBJECT_CONVERSION = YES_AGGRESSIVE;
				CLANG_CXX_LANGUAGE_STANDARD = "gnu++14";
				CLANG_CXX_LIBRARY = "libc++";
				CLANG_ENABLE_MODULES = YES;
				CLANG_ENABLE_OBJC_ARC = YES;
				CLANG_ENABLE_OBJC_WEAK = YES;
				CLANG_WARN_BLOCK_CAPTURE_AUTORELEASING = YES;
				CLANG_WARN_BOOL_CONVERSION = YES;
				CLANG_WARN_COMMA = YES;
				CLANG_WARN_CONSTANT_CONVERSION = YES;
				CLANG_WARN_DEPRECATED_OBJC_IMPLEMENTATIONS = YES;
				CLANG_WARN_DIRECT_OBJC_ISA_USAGE = YES_ERROR;
				CLANG_WARN_DOCUMENTATION_COMMENTS = YES;
				CLANG_WARN_EMPTY_BODY = YES;
				CLANG_WARN_ENUM_CONVERSION = YES;
				CLANG_WARN_INFINITE_RECURSION = YES;
				CLANG_WARN_INT_CONVERSION = YES;
				CLANG_WARN_NON_LITERAL_NULL_CONVERSION = YES;
				CLANG_WARN_OBJC_IMPLICIT_RETAIN_SELF = YES;
				CLANG_WARN_OBJC_LITERAL_CONVERSION = YES;
				CLANG_WARN_OBJC_ROOT_CLASS = YES_ERROR;
				CLANG_WARN_QUOTED_INCLUDE_IN_FRAMEWORK_HEADER = YES;
				CLANG_WARN_RANGE_LOOP_ANALYSIS = YES;
				CLANG_WARN_STRICT_PROTOTYPES = YES;
				CLANG_WARN_SUSPICIOUS_MOVE = YES;
				CLANG_WARN_UNGUARDED_AVAILABILITY = YES_AGGRESSIVE;
				CLANG_WARN_UNREACHABLE_CODE = YES;
				CLANG_WARN__DUPLICATE_METHOD_MATCH = YES;
				COPY_PHASE_STRIP = NO;
				DEBUG_INFORMATION_FORMAT = "dwarf-with-dsym";
				ENABLE_NS_ASSERTIONS = NO;
				ENABLE_STRICT_OBJC_MSGSEND = YES;
				ENABLE_USER_SCRIPT_SANDBOXING = YES;
				GCC_C_LANGUAGE_STANDARD = gnu11;
				GCC_NO_COMMON_BLOCKS = YES;
				GCC_WARN_64_TO_32_BIT_CONVERSION = YES;
				GCC_WARN_ABOUT_RETURN_TYPE = YES_ERROR;
				GCC_WARN_UNDECLARED_SELECTOR = YES;
				GCC_WARN_UNINITIALIZED_AUTOS = YES_AGGRESSIVE;
				GCC_WARN_UNUSED_FUNCTION = YES;
				GCC_WARN_UNUSED_VARIABLE = YES;
				MACOSX_DEPLOYMENT_TARGET = 14.0;
				MTL_ENABLE_DEBUG_INFO = NO;
				MTL_FAST_MATH = YES;
				PRODUCT_NAME = "$(TARGET_NAME)";
				SDKROOT = macosx;
				SWIFT_COMPILATION_MODE = wholemodule;
				SWIFT_OPTIMIZATION_LEVEL = "-O";
				SWIFT_VERSION = 5.9;
				type = release;
			};
			name = Release;
		};
		5A060AC957546975222617FA /* Debug */ = {
			isa = XCBuildConfiguration;
			buildSettings = {
				ASSETCATALOG_COMPILER_APPICON_NAME = AppIcon;
				ASSETCATALOG_COMPILER_GLOBAL_ACCENT_COLOR_NAME = AccentColor;
				CODE_SIGN_IDENTITY = "-";
				CODE_SIGN_STYLE = Automatic;
				COMBINE_HIDPI_IMAGES = YES;
				CURRENT_PROJECT_VERSION = 1;
				GENERATE_INFOPLIST_FILE = YES;
				INFOPLIST_KEY_CFBundleDisplayName = CheapSeek;
				INFOPLIST_KEY_LSUIElement = YES;
				LD_RUNPATH_SEARCH_PATHS = (
					"$(inherited)",
					"@executable_path/../Frameworks",
				);
				MACOSX_DEPLOYMENT_TARGET = 14.0;
				MARKETING_VERSION = 1.0.0;
				PRODUCT_BUNDLE_IDENTIFIER = com.labrus.CheapSeek;
				SDKROOT = macosx;
				SWIFT_VERSION = 5.9;
			};
			name = Debug;
		};
		5F9E6965F28364C7EE58F801 /* Release */ = {
			isa = XCBuildConfiguration;
			buildSettings = {
				BUNDLE_LOADER = "$(TEST_HOST)";
				COMBINE_HIDPI_IMAGES = YES;
				CURRENT_PROJECT_VERSION = 1;
				GENERATE_INFOPLIST_FILE = YES;
				LD_RUNPATH_SEARCH_PATHS = (
					"$(inherited)",
					"@executable_path/../Frameworks",
					"@loader_path/../Frameworks",
				);
				MACOSX_DEPLOYMENT_TARGET = 14.0;
				MARKETING_VERSION = 1.0.0;
				PRODUCT_BUNDLE_IDENTIFIER = com.labrus.CheapSeekTests;
				SDKROOT = macosx;
				SWIFT_VERSION = 5.9;
				TEST_HOST = "$(BUILT_PRODUCTS_DIR)/CheapSeek.app/Contents/MacOS/CheapSeek";
			};
			name = Release;
		};
		6B26466183BC3C9F8B921538 /* Release */ = {
			isa = XCBuildConfiguration;
			buildSettings = {
				BUNDLE_LOADER = "$(TEST_HOST)";
				COMBINE_HIDPI_IMAGES = YES;
				CURRENT_PROJECT_VERSION = 1;
				GENERATE_INFOPLIST_FILE = YES;
				LD_RUNPATH_SEARCH_PATHS = (
					"$(inherited)",
					"@executable_path/Frameworks",
					"@loader_path/Frameworks",
				);
				MACOSX_DEPLOYMENT_TARGET = 14.0;
				MARKETING_VERSION = 1.0.0;
				PRODUCT_BUNDLE_IDENTIFIER = com.labrus.CheapSeekUITests;
				SDKROOT = macosx;
				SWIFT_VERSION = 5.9;
				TEST_TARGET_NAME = CheapSeek;
			};
			name = Release;
		};
		88FA6E7ECE39C3373EBF8570 /* Debug */ = {
			isa = XCBuildConfiguration;
			buildSettings = {
				ALWAYS_SEARCH_USER_PATHS = NO;
				CLANG_ANALYZER_NONNULL = YES;
				CLANG_ANALYZER_NUMBER_OBJECT_CONVERSION = YES_AGGRESSIVE;
				CLANG_CXX_LANGUAGE_STANDARD = "gnu++14";
				CLANG_CXX_LIBRARY = "libc++";
				CLANG_ENABLE_MODULES = YES;
				CLANG_ENABLE_OBJC_ARC = YES;
				CLANG_ENABLE_OBJC_WEAK = YES;
				CLANG_WARN_BLOCK_CAPTURE_AUTORELEASING = YES;
				CLANG_WARN_BOOL_CONVERSION = YES;
				CLANG_WARN_COMMA = YES;
				CLANG_WARN_CONSTANT_CONVERSION = YES;
				CLANG_WARN_DEPRECATED_OBJC_IMPLEMENTATIONS = YES;
				CLANG_WARN_DIRECT_OBJC_ISA_USAGE = YES_ERROR;
				CLANG_WARN_DOCUMENTATION_COMMENTS = YES;
				CLANG_WARN_EMPTY_BODY = YES;
				CLANG_WARN_ENUM_CONVERSION = YES;
				CLANG_WARN_INFINITE_RECURSION = YES;
				CLANG_WARN_INT_CONVERSION = YES;
				CLANG_WARN_NON_LITERAL_NULL_CONVERSION = YES;
				CLANG_WARN_OBJC_IMPLICIT_RETAIN_SELF = YES;
				CLANG_WARN_OBJC_LITERAL_CONVERSION = YES;
				CLANG_WARN_OBJC_ROOT_CLASS = YES_ERROR;
				CLANG_WARN_QUOTED_INCLUDE_IN_FRAMEWORK_HEADER = YES;
				CLANG_WARN_RANGE_LOOP_ANALYSIS = YES;
				CLANG_WARN_STRICT_PROTOTYPES = YES;
				CLANG_WARN_SUSPICIOUS_MOVE = YES;
				CLANG_WARN_UNGUARDED_AVAILABILITY = YES_AGGRESSIVE;
				CLANG_WARN_UNREACHABLE_CODE = YES;
				CLANG_WARN__DUPLICATE_METHOD_MATCH = YES;
				COPY_PHASE_STRIP = NO;
				DEBUG_INFORMATION_FORMAT = dwarf;
				ENABLE_STRICT_OBJC_MSGSEND = YES;
				ENABLE_TESTABILITY = YES;
				ENABLE_USER_SCRIPT_SANDBOXING = YES;
				GCC_C_LANGUAGE_STANDARD = gnu11;
				GCC_DYNAMIC_NO_PIC = NO;
				GCC_NO_COMMON_BLOCKS = YES;
				GCC_OPTIMIZATION_LEVEL = 0;
				GCC_PREPROCESSOR_DEFINITIONS = (
					"$(inherited)",
					"DEBUG=1",
				);
				GCC_WARN_64_TO_32_BIT_CONVERSION = YES;
				GCC_WARN_ABOUT_RETURN_TYPE = YES_ERROR;
				GCC_WARN_UNDECLARED_SELECTOR = YES;
				GCC_WARN_UNINITIALIZED_AUTOS = YES_AGGRESSIVE;
				GCC_WARN_UNUSED_FUNCTION = YES;
				GCC_WARN_UNUSED_VARIABLE = YES;
				MACOSX_DEPLOYMENT_TARGET = 14.0;
				MTL_ENABLE_DEBUG_INFO = INCLUDE_SOURCE;
				MTL_FAST_MATH = YES;
				ONLY_ACTIVE_ARCH = YES;
				PRODUCT_NAME = "$(TARGET_NAME)";
				SDKROOT = macosx;
				SWIFT_ACTIVE_COMPILATION_CONDITIONS = DEBUG;
				SWIFT_OPTIMIZATION_LEVEL = "-Onone";
				SWIFT_VERSION = 5.9;
				type = debug;
			};
			name = Debug;
		};
		895AA40059B4C29A60E6F8D4 /* Debug */ = {
			isa = XCBuildConfiguration;
			buildSettings = {
				BUNDLE_LOADER = "$(TEST_HOST)";
				COMBINE_HIDPI_IMAGES = YES;
				CURRENT_PROJECT_VERSION = 1;
				GENERATE_INFOPLIST_FILE = YES;
				LD_RUNPATH_SEARCH_PATHS = (
					"$(inherited)",
					"@executable_path/../Frameworks",
					"@loader_path/../Frameworks",
				);
				MACOSX_DEPLOYMENT_TARGET = 14.0;
				MARKETING_VERSION = 1.0.0;
				PRODUCT_BUNDLE_IDENTIFIER = com.labrus.CheapSeekTests;
				SDKROOT = macosx;
				SWIFT_VERSION = 5.9;
				TEST_HOST = "$(BUILT_PRODUCTS_DIR)/CheapSeek.app/Contents/MacOS/CheapSeek";
			};
			name = Debug;
		};
		D6ADB7A8835AC2F098634B68 /* Debug */ = {
			isa = XCBuildConfiguration;
			buildSettings = {
				BUNDLE_LOADER = "$(TEST_HOST)";
				COMBINE_HIDPI_IMAGES = YES;
				CURRENT_PROJECT_VERSION = 1;
				GENERATE_INFOPLIST_FILE = YES;
				LD_RUNPATH_SEARCH_PATHS = (
					"$(inherited)",
					"@executable_path/Frameworks",
					"@loader_path/Frameworks",
				);
				MACOSX_DEPLOYMENT_TARGET = 14.0;
				MARKETING_VERSION = 1.0.0;
				PRODUCT_BUNDLE_IDENTIFIER = com.labrus.CheapSeekUITests;
				SDKROOT = macosx;
				SWIFT_VERSION = 5.9;
				TEST_TARGET_NAME = CheapSeek;
			};
			name = Debug;
		};
		E949BAD2C0450EAF2222F8E2 /* Release */ = {
			isa = XCBuildConfiguration;
			buildSettings = {
				ASSETCATALOG_COMPILER_APPICON_NAME = AppIcon;
				ASSETCATALOG_COMPILER_GLOBAL_ACCENT_COLOR_NAME = AccentColor;
				CODE_SIGN_IDENTITY = "-";
				CODE_SIGN_STYLE = Automatic;
				COMBINE_HIDPI_IMAGES = YES;
				CURRENT_PROJECT_VERSION = 1;
				GENERATE_INFOPLIST_FILE = YES;
				INFOPLIST_KEY_CFBundleDisplayName = CheapSeek;
				INFOPLIST_KEY_LSUIElement = YES;
				LD_RUNPATH_SEARCH_PATHS = (
					"$(inherited)",
					"@executable_path/../Frameworks",
				);
				MACOSX_DEPLOYMENT_TARGET = 14.0;
				MARKETING_VERSION = 1.0.0;
				PRODUCT_BUNDLE_IDENTIFIER = com.labrus.CheapSeek;
				SDKROOT = macosx;
				SWIFT_VERSION = 5.9;
			};
			name = Release;
		};
/* End XCBuildConfiguration section */

/* Begin XCConfigurationList section */
		6556D2A304693D81B6C920DB /* Build configuration list for PBXNativeTarget "CheapSeekUITests" */ = {
			isa = XCConfigurationList;
			buildConfigurations = (
				D6ADB7A8835AC2F098634B68 /* Debug */,
				6B26466183BC3C9F8B921538 /* Release */,
			);
			defaultConfigurationIsVisible = 0;
			defaultConfigurationName = Debug;
		};
		6B305FA06513C1EB0A19CFC1 /* Build configuration list for PBXNativeTarget "CheapSeek" */ = {
			isa = XCConfigurationList;
			buildConfigurations = (
				5A060AC957546975222617FA /* Debug */,
				E949BAD2C0450EAF2222F8E2 /* Release */,
			);
			defaultConfigurationIsVisible = 0;
			defaultConfigurationName = Debug;
		};
		7042DB94DD41B0CE92D8C083 /* Build configuration list for PBXNativeTarget "CheapSeekTests" */ = {
			isa = XCConfigurationList;
			buildConfigurations = (
				895AA40059B4C29A60E6F8D4 /* Debug */,
				5F9E6965F28364C7EE58F801 /* Release */,
			);
			defaultConfigurationIsVisible = 0;
			defaultConfigurationName = Debug;
		};
		A809DBA61F6708ADEE621102 /* Build configuration list for PBXProject "CheapSeek" */ = {
			isa = XCConfigurationList;
			buildConfigurations = (
				88FA6E7ECE39C3373EBF8570 /* Debug */,
				3255B04DAC8C372F18197DC5 /* Release */,
			);
			defaultConfigurationIsVisible = 0;
			defaultConfigurationName = Debug;
		};
/* End XCConfigurationList section */

/* Begin XCLocalSwiftPackageReference section */
		D796DD84B610E823BE515F78 /* XCLocalSwiftPackageReference "Packages/Localize-Swift" */ = {
			isa = XCLocalSwiftPackageReference;
			relativePath = "Packages/Localize-Swift";
		};
/* End XCLocalSwiftPackageReference section */

/* Begin XCSwiftPackageProductDependency section */
		0A8C362EF9F17DF2E9CA2E8C /* Localize_Swift */ = {
			isa = XCSwiftPackageProductDependency;
			productName = Localize_Swift;
		};
/* End XCSwiftPackageProductDependency section */
	};
	rootObject = 2206D21A71D73ED88F14186F /* Project object */;
}
